{
    "_readme": [
        "This file locks the dependencies of your project to a known state",
        "Read more about it at https://getcomposer.org/doc/01-basic-usage.md#installing-dependencies",
        "This file is @generated automatically"
    ],
    "content-hash": "8eaa5fa40ae4176fff197361b4807acc",
    "packages": [
        {
            "name": "light/model",
            "version": "dev-main",
            "source": {
                "type": "git",
                "url": "https://github.com/execrot/model.git",
                "reference": "560f7e64ea6f12d59449bdd6ff88cd2d6ef5330a"
            },
            "require": {
                "ext-mongodb": "*",
                "php": ">=8.1"
            },
            "default-branch": true,
            "type": "library",
            "autoload": {
                "psr-4": {
                    "Light\\Model\\": "src/"
                }
            },
            "authors": [
                {
                    "name": "Edward Komissarov",
                    "email": "execrot@gmail.com"
                }
            ],
            "time": "2022-09-20T10:24:52+00:00"
        }
    ],
    "packages-dev": [],
    "aliases": [],
    "minimum-stability": "stable",
    "stability-flags": {
        "light/model": 20
    },
    "prefer-stable": false,
    "prefer-lowest": false,
    "platform": {
        "php": ">=8.1"
    },
    "platform-dev": [],
    "plugin-api-version": "2.2.0"
}
